# ggen.lock — generated by `ggen sync`. Do not edit.

[packs.chatman-state-pack]
source = "path:chatman-state-pack"
content_hash = "blake3:0764ff79d916cf8474b7e6ef9125ba320600ecc94352f9a592a41217195fe4a9"

[packs.cloud-topology-validation-pack]
source = "path:cloud-topology-validation-pack"
content_hash = "blake3:a9baf7fc6e90c2fa293019c3b89325c05f64f2b7ee0cb1922d85f086d670aa65"

[packs.gymact-registry-pack]
source = "path:gymact-registry-pack"
content_hash = "blake3:4ba479efc28d7ce5246007396a877726d198541bf43db229c3b9e4ac016718af"

[packs.k8s-resource-catalog-pack]
source = "path:k8s-resource-catalog-pack"
content_hash = "blake3:4bedae06316421495827fefb799d6581d7b3d10d3e1df68ddc1a8d476297f25c"

[packs.public-ontology-admission-pack]
source = "path:public-ontology-admission-pack"
content_hash = "blake3:bbad91c36504de08730222e73924521f8b75fdec6d5387802134eca24309c900"
