# ggen.lock — generated by `ggen sync`. Do not edit.

[packs.cloud-topology-validation-pack]
source = "path:cloud-topology-validation-pack"
content_hash = "blake3:19e76f5dfaf8bdce3c9f74da67d6330e34b578362f548400b491f23132dc58f8"

[packs.gymact-registry-pack]
source = "path:gymact-registry-pack"
content_hash = "blake3:ca128c6777e83ae9cfae3251db39476cb358b7c0286cbe3c5b881cffeffee9ea"

[packs.public-ontology-admission-pack]
source = "path:public-ontology-admission-pack"
content_hash = "blake3:e255745741ef31c836ba87084cf22b3b3a103c656e3782d00870be159102f745"
